schema: '2.0'
stages:
  data_ingestion:
    cmd: uv run python -m src.data.download_dataset
    deps:
    - path: src/data/download_dataset.py
      hash: md5
      md5: 4aeb791b36e03e9ac19ad930b86aa74b
      size: 5088
    - path: src/utils/logger.py
      hash: md5
      md5: 73106bb3de64f8ef8c097a990a6e2f49
      size: 2345
    - path: src/utils/paths.py
      hash: md5
      md5: 7b2d73cb9e053c99e1e0296ee965bdff
      size: 2156
    params:
      params.yaml:
        data_ingestion.output_path: data/raw/reddit_comments.csv
        data_ingestion.url: 
          https://raw.githubusercontent.com/Himanshu-1703/reddit-sentiment-analysis/refs/heads/main/data/reddit.csv
    outs:
    - path: data/raw/reddit_comments.csv
      hash: md5
      md5: 38ee083169162dbac0cb07c80ac0f04e
      size: 6888934
  data_preparation:
    cmd: uv run python -m src.data.make_dataset
    deps:
    - path: data/raw/reddit_comments.csv
      hash: md5
      md5: 38ee083169162dbac0cb07c80ac0f04e
      size: 6888934
    - path: src/data/make_dataset.py
      hash: md5
      md5: 8929e52af273404970aa73ca7c25f42b
      size: 7485
    - path: src/utils/logger.py
      hash: md5
      md5: 73106bb3de64f8ef8c097a990a6e2f49
      size: 2345
    - path: src/utils/paths.py
      hash: md5
      md5: 7b2d73cb9e053c99e1e0296ee965bdff
      size: 2156
    params:
      params.yaml:
        data_preparation.random_state: 42
        data_preparation.test_size: 0.15
    outs:
    - path: data/processed/test.parquet
      hash: md5
      md5: 27afcf1e4e595381b70f8fd8b8e6ae7b
      size: 513629
    - path: data/processed/train.parquet
      hash: md5
      md5: ef9df44b106362663b835efdefe950c3
      size: 2394224
    - path: data/processed/val.parquet
      hash: md5
      md5: c55232be629f4fba0cdc3cce4329c594
      size: 499418
  feature_comparison:
    cmd: uv run python -m src.features.tfidf_vs_distilbert
    deps:
    - path: data/processed/train.parquet
      hash: md5
      md5: ef9df44b106362663b835efdefe950c3
      size: 2394224
    - path: data/processed/val.parquet
      hash: md5
      md5: c55232be629f4fba0cdc3cce4329c594
      size: 499418
    - path: src/features/helpers/feature_utils.py
      hash: md5
      md5: f9730f34b1a910c7ba2aa8b3fb82d1a5
      size: 6731
    - path: src/features/tfidf_vs_distilbert.py
      hash: md5
      md5: 5cb2a508aa3dea40a01633c7bd4d6108
      size: 13048
    - path: src/utils/logger.py
      hash: md5
      md5: 73106bb3de64f8ef8c097a990a6e2f49
      size: 2345
    params:
      params.yaml:
        feature_comparison.batch_size: 32
        feature_comparison.max_depth: 15
        feature_comparison.max_features: 5000
        feature_comparison.mlflow_uri: http://127.0.0.1:5000
        feature_comparison.n_estimators: 200
        feature_comparison.ngram_ranges:
        - - 1
          - 1
        - - 1
          - 2
        - - 1
          - 3
  feature_tuning:
    cmd: uv run python -m src.features.tfidf_max_features
    deps:
    - path: data/processed/train.parquet
      hash: md5
      md5: ef9df44b106362663b835efdefe950c3
      size: 2394224
    - path: data/processed/val.parquet
      hash: md5
      md5: c55232be629f4fba0cdc3cce4329c594
      size: 499418
    - path: src/features/helpers/feature_utils.py
      hash: md5
      md5: f9730f34b1a910c7ba2aa8b3fb82d1a5
      size: 6731
    - path: src/features/tfidf_max_features.py
      hash: md5
      md5: e3fbfc43bdb17f9758e21fdff7db3e6d
      size: 8005
    - path: src/utils/logger.py
      hash: md5
      md5: 73106bb3de64f8ef8c097a990a6e2f49
      size: 2345
    - path: src/utils/paths.py
      hash: md5
      md5: 7b2d73cb9e053c99e1e0296ee965bdff
      size: 2156
    params:
      params.yaml:
        feature_tuning.best_ngram_range: (1,1)
        feature_tuning.max_depth: 15
        feature_tuning.max_features_values: '[1000,2000,3000,4000,5000,6000,7000,8000,9000,10000]'
        feature_tuning.n_estimators: 200
    outs:
    - path: reports/figures/tfidf_max_features/
      hash: md5
      md5: eabf648af9fcb65173df04cb477f357d.dir
      size: 353869
      nfiles: 10
  feature_engineering:
    cmd: uv run python -m src.features.feature_engineering
    deps:
    - path: data/processed/test.parquet
      hash: md5
      md5: 27afcf1e4e595381b70f8fd8b8e6ae7b
      size: 513629
    - path: data/processed/train.parquet
      hash: md5
      md5: ef9df44b106362663b835efdefe950c3
      size: 2394224
    - path: data/processed/val.parquet
      hash: md5
      md5: c55232be629f4fba0cdc3cce4329c594
      size: 499418
    - path: src/features/feature_engineering.py
      hash: md5
      md5: fc35965a609753ccc07005b9979c20ce
      size: 11648
    - path: src/features/helpers/feature_utils.py
      hash: md5
      md5: f9730f34b1a910c7ba2aa8b3fb82d1a5
      size: 6731
    - path: src/utils/logger.py
      hash: md5
      md5: 73106bb3de64f8ef8c097a990a6e2f49
      size: 2345
    - path: src/utils/paths.py
      hash: md5
      md5: 7b2d73cb9e053c99e1e0296ee965bdff
      size: 2156
    params:
      params.yaml:
        feature_engineering.distilbert_batch_size: 32
        feature_engineering.use_distilbert: 'False'
        imbalance_tuning.best_max_features: 1000
        imbalance_tuning.best_ngram_range: (1,1)
    outs:
    - path: models/features/
      hash: md5
      md5: 3cf9cb738a066e38431dd22cfed94727.dir
      size: 3053483
      nfiles: 8
  baseline_model:
    cmd: uv run python -m src.models.baseline_logistic
    deps:
    - path: models/features/X_test.npz
      hash: md5
      md5: 5ad9362bddb9771a265e72d40a3e568c
      size: 411831
    - path: models/features/X_train.npz
      hash: md5
      md5: 0da3db618a4facc78e97d864e1962590
      size: 1911617
    - path: models/features/X_val.npz
      hash: md5
      md5: 262666f9552c8532a609e22fbaae5631
      size: 398166
    - path: models/features/label_encoder.pkl
      hash: md5
      md5: e4605a38643e9060a9b7203131961036
      size: 275
    - path: models/features/y_test.npy
      hash: md5
      md5: 3d93b2947650aff2973d57248ddfa80d
      size: 44320
    - path: models/features/y_train.npy
      hash: md5
      md5: ff2992f566f145e0dabff508b76fd5de
      size: 206344
    - path: models/features/y_val.npy
      hash: md5
      md5: 6170668e1d3ef3e4b157d5a76a85299e
      size: 44320
    - path: src/models/baseline_logistic.py
      hash: md5
      md5: 8e862e44cbbfcddc2e3863d17e35da4f
      size: 7983
    - path: src/models/helpers/data_loader.py
      hash: md5
      md5: 7a89b90d5c30a18dd6288af65d98984e
      size: 4150
    - path: src/models/helpers/train_utils.py
      hash: md5
      md5: 4faff6a55ee646192baff189b1fb276d
      size: 4913
    - path: src/utils/logger.py
      hash: md5
      md5: 73106bb3de64f8ef8c097a990a6e2f49
      size: 2345
    - path: src/utils/mlflow_config.py
      hash: md5
      md5: 80c4e94241c5d684a2e28ce2456005eb
      size: 4882
    - path: src/utils/paths.py
      hash: md5
      md5: 7b2d73cb9e053c99e1e0296ee965bdff
      size: 2156
    params:
      params.yaml:
        train.logistic_baseline.class_weight: balanced
        train.logistic_baseline.max_iter: 2000
        train.logistic_baseline.model_type: LogisticRegression
        train.logistic_baseline.solver: liblinear
    outs:
    - path: models/baseline/baseline_metrics.json
      hash: md5
      md5: 5a0a57395b776119f21089a296cbe468
      size: 44
    - path: models/baseline/logistic_baseline.pkl
      hash: md5
      md5: 044600b82899fb34284a4867eecf3c7e
      size: 25056
  train_xgboost:
    cmd: uv run python -m src.models.xgboost_training
    deps:
    - path: models/features/X_train.npz
      hash: md5
      md5: 0da3db618a4facc78e97d864e1962590
      size: 1911617
    - path: models/features/X_val.npz
      hash: md5
      md5: 262666f9552c8532a609e22fbaae5631
      size: 398166
    - path: models/features/y_train.npy
      hash: md5
      md5: ff2992f566f145e0dabff508b76fd5de
      size: 206344
    - path: models/features/y_val.npy
      hash: md5
      md5: 6170668e1d3ef3e4b157d5a76a85299e
      size: 44320
    - path: src/models/helpers/data_loader.py
      hash: md5
      md5: 7a89b90d5c30a18dd6288af65d98984e
      size: 4150
    - path: src/models/helpers/train_utils.py
      hash: md5
      md5: d13157debc27d5f22d5d7a3b3d9b80ca
      size: 4602
    - path: src/models/xgboost_training.py
      hash: md5
      md5: 271fe94dea82d84abedd24ecfb3f2236
      size: 4599
    - path: src/utils/logger.py
      hash: md5
      md5: 73106bb3de64f8ef8c097a990a6e2f49
      size: 2345
    - path: src/utils/mlflow_config.py
      hash: md5
      md5: 80c4e94241c5d684a2e28ce2456005eb
      size: 4882
    params:
      params.yaml:
        train.xgboost.n_trials: 30
    outs:
    - path: models/advanced/xgboost_metrics.json
      hash: md5
      md5: 521b4f481d20cf782e6e316a071549a1
      size: 44
    - path: models/advanced/xgboost_model.pkl
      hash: md5
      md5: 4fe3e88dd447a78f18eb078fec88d886
      size: 1088061
  imbalance_tuning:
    cmd: uv run python -m src.features.imbalance_tuning
    deps:
    - path: data/processed/train.parquet
      hash: md5
      md5: ef9df44b106362663b835efdefe950c3
      size: 2394224
    - path: data/processed/val.parquet
      hash: md5
      md5: c55232be629f4fba0cdc3cce4329c594
      size: 499418
    - path: src/features/helpers/feature_utils.py
      hash: md5
      md5: f9730f34b1a910c7ba2aa8b3fb82d1a5
      size: 6731
    - path: src/features/imbalance_tuning.py
      hash: md5
      md5: e4d2a120e8dc9206fa16f1dadd32415c
      size: 10627
    - path: src/utils/logger.py
      hash: md5
      md5: 73106bb3de64f8ef8c097a990a6e2f49
      size: 2345
    - path: src/utils/paths.py
      hash: md5
      md5: 7b2d73cb9e053c99e1e0296ee965bdff
      size: 2156
    params:
      params.yaml:
        imbalance_tuning.best_max_features: 1000
        imbalance_tuning.best_ngram_range: (1,1)
        imbalance_tuning.imbalance_methods: "['class_weights','oversampling','adasyn','undersampling','smote_enn']"
        imbalance_tuning.rf_max_depth: 15
        imbalance_tuning.rf_n_estimators: 200
    outs:
    - path: reports/figures/imbalance_methods/
      hash: md5
      md5: 8982d1354b599b05982b5cd9930364ae.dir
      size: 167254
      nfiles: 5
  train_lightgbm:
    cmd: uv run python -m src.models.lightgbm_training
    deps:
    - path: models/features/X_train.npz
      hash: md5
      md5: 0da3db618a4facc78e97d864e1962590
      size: 1911617
    - path: models/features/X_val.npz
      hash: md5
      md5: 262666f9552c8532a609e22fbaae5631
      size: 398166
    - path: models/features/y_train.npy
      hash: md5
      md5: ff2992f566f145e0dabff508b76fd5de
      size: 206344
    - path: models/features/y_val.npy
      hash: md5
      md5: 6170668e1d3ef3e4b157d5a76a85299e
      size: 44320
    - path: src/models/helpers/data_loader.py
      hash: md5
      md5: 7a89b90d5c30a18dd6288af65d98984e
      size: 4150
    - path: src/models/helpers/train_utils.py
      hash: md5
      md5: d13157debc27d5f22d5d7a3b3d9b80ca
      size: 4602
    - path: src/models/lightgbm_training.py
      hash: md5
      md5: 2ff776ec0adc6542448fe822a1914671
      size: 4443
    - path: src/utils/logger.py
      hash: md5
      md5: 73106bb3de64f8ef8c097a990a6e2f49
      size: 2345
    - path: src/utils/mlflow_config.py
      hash: md5
      md5: 80c4e94241c5d684a2e28ce2456005eb
      size: 4882
    params:
      params.yaml:
        train.lightgbm.n_trials: 30
    outs:
    - path: models/advanced/lightgbm_metrics.json
      hash: md5
      md5: e7e5552fe55700a1771822fc512f8b1e
      size: 44
    - path: models/advanced/lightgbm_model.pkl
      hash: md5
      md5: 063a94ac7c077d4e4b8e5a35815486bf
      size: 1530346
  model_evaluation:
    cmd: uv run python -m src.models.model_evaluation --models lightgbm xgboost 
      logistic_baseline
    deps:
    - path: models/advanced/distilbert_model.pkl
      hash: md5
      md5: d41d8cd98f00b204e9800998ecf8427e
      size: 0
    - path: models/advanced/distilbert_results
      hash: md5
      md5: d751713988987e9331980363e24189ce.dir
      size: 0
      nfiles: 0
    - path: models/advanced/lightgbm_model.pkl
      hash: md5
      md5: a0a6c40522e704e547638d6421c12f3f
      size: 1114687
    - path: models/advanced/xgboost_model.pkl
      hash: md5
      md5: 3dfbfedf24c96faf7d8b17a301facb39
      size: 3660037
    - path: models/baseline/logistic_baseline.pkl
      hash: md5
      md5: 044600b82899fb34284a4867eecf3c7e
      size: 25056
    - path: models/features/X_test.npz
      hash: md5
      md5: 5ad9362bddb9771a265e72d40a3e568c
      size: 411831
    - path: models/features/label_encoder.pkl
      hash: md5
      md5: e4605a38643e9060a9b7203131961036
      size: 275
    - path: models/features/y_test.npy
      hash: md5
      md5: 3d93b2947650aff2973d57248ddfa80d
      size: 44320
    - path: src/models/helpers/data_loader.py
      hash: md5
      md5: 7a89b90d5c30a18dd6288af65d98984e
      size: 4150
    - path: src/models/helpers/train_utils.py
      hash: md5
      md5: 4faff6a55ee646192baff189b1fb276d
      size: 4913
    - path: src/models/model_evaluation.py
      hash: md5
      md5: 3a3c45b727b1a12a0926977fdb6d05c1
      size: 17918
    - path: src/utils/logger.py
      hash: md5
      md5: 73106bb3de64f8ef8c097a990a6e2f49
      size: 2345
    - path: src/utils/mlflow_config.py
      hash: md5
      md5: 80c4e94241c5d684a2e28ce2456005eb
      size: 4882
    - path: src/utils/paths.py
      hash: md5
      md5: 7b2d73cb9e053c99e1e0296ee965bdff
      size: 2156
    params:
      params.yaml:
        model_evaluation.models:
        - lightgbm
        - xgboost
        - logistic_baseline
    outs:
    - path: models/advanced/evaluation/best_model_run_info.json
      hash: md5
      md5: 6c44cbdf65008bf229e2f92ab6d27794
      size: 185
    - path: models/advanced/evaluation/lightgbm_test_metrics.json
      hash: md5
      md5: f1a214fce4bad1dcde25d8c25f4c1dc2
      size: 90
    - path: models/advanced/evaluation/logistic_baseline_test_metrics.json
      hash: md5
      md5: b0c33891d9caa2f3090f174311713d5c
      size: 90
    - path: models/advanced/evaluation/xgboost_test_metrics.json
      hash: md5
      md5: a27f6dfaaad5e419a6342a3291f61144
      size: 89
    - path: reports/figures/evaluation/comparative_roc_curve.png
      hash: md5
      md5: 0fb65d97f2e47c65683aa35a8407a4fb
      size: 90321
    - path: reports/figures/evaluation/lightgbm_confusion_matrix.png
      hash: md5
      md5: 62790b5b5d5d35a3f52360ea6f663768
      size: 32098
    - path: reports/figures/evaluation/xgboost_confusion_matrix.png
      hash: md5
      md5: 50968b7c36c66a10e0929b292fd12925
      size: 33900
  train_bert:
    cmd: uv run python -m src.models.bert_training
    deps:
    - path: data/processed/train.parquet
      hash: md5
      md5: ef9df44b106362663b835efdefe950c3
      size: 2394224
    - path: data/processed/val.parquet
      hash: md5
      md5: c55232be629f4fba0cdc3cce4329c594
      size: 499418
    - path: src/models/bert_training.py
      hash: md5
      md5: b72c564e4865c475e49c059118bb6d51
      size: 6203
    - path: src/models/helpers/data_loader.py
      hash: md5
      md5: 7a89b90d5c30a18dd6288af65d98984e
      size: 4150
    - path: src/models/helpers/train_utils.py
      hash: md5
      md5: 4faff6a55ee646192baff189b1fb276d
      size: 4913
    - path: src/utils/logger.py
      hash: md5
      md5: 73106bb3de64f8ef8c097a990a6e2f49
      size: 2345
    - path: src/utils/mlflow_config.py
      hash: md5
      md5: 80c4e94241c5d684a2e28ce2456005eb
      size: 4882
    - path: src/utils/paths.py
      hash: md5
      md5: 7b2d73cb9e053c99e1e0296ee965bdff
      size: 2156
    params:
      params.yaml:
        train.bert.batch_size:
        - 8
        - 16
        - 32
        train.bert.lr:
        - 1e-05
        - 5e-05
        train.bert.n_trials: 20
        train.bert.weight_decay:
        - 0.001
        - 0.1
    outs:
    - path: models/advanced/bert_metrics.json
      hash: md5
      md5: dc0d9ce7dab44784d6f81ab8636b646e
      size: 22
    - path: models/advanced/bert_model.pkl
      hash: md5
      md5: d41d8cd98f00b204e9800998ecf8427e
      size: 0
    - path: models/advanced/bert_results
      hash: md5
      md5: d751713988987e9331980363e24189ce.dir
      size: 0
      nfiles: 0
  model_registration:
    cmd: uv run python -m src.models.register_model
    deps:
    - path: models/advanced/evaluation/
      hash: md5
      md5: 6c5ca7134930758eac69c953af3f5dff.dir
      size: 30612
      nfiles: 4
    - path: src/models/register_model.py
      hash: md5
      md5: 1fe09b3da09f59ee6ace85eb2e570a1c
      size: 7347
    - path: src/utils/logger.py
      hash: md5
      md5: 73106bb3de64f8ef8c097a990a6e2f49
      size: 2345
    - path: src/utils/mlflow_config.py
      hash: md5
      md5: 80c4e94241c5d684a2e28ce2456005eb
      size: 4882
    - path: src/utils/paths.py
      hash: md5
      md5: c723fe5c11d3e4920067ff204eb5a6f5
      size: 1764
    params:
      params.yaml:
        register.f1_threshold: 0.75
  hyperparameter_tuning_lightgbm:
    cmd: uv run python -m src.models.hyperparameter_tuning --model lightgbm
    deps:
    - path: models/features/X_train.npz
      hash: md5
      md5: 0da3db618a4facc78e97d864e1962590
      size: 1911617
    - path: models/features/X_val.npz
      hash: md5
      md5: 262666f9552c8532a609e22fbaae5631
      size: 398166
    - path: models/features/y_train.npy
      hash: md5
      md5: ff2992f566f145e0dabff508b76fd5de
      size: 206344
    - path: models/features/y_val.npy
      hash: md5
      md5: 6170668e1d3ef3e4b157d5a76a85299e
      size: 44320
    - path: src/models/helpers/data_loader.py
      hash: md5
      md5: 7a89b90d5c30a18dd6288af65d98984e
      size: 4150
    - path: src/models/helpers/train_utils.py
      hash: md5
      md5: 4faff6a55ee646192baff189b1fb276d
      size: 4913
    - path: src/models/hyperparameter_tuning.py
      hash: md5
      md5: 3499988e16c5a46abe79a2df195d27aa
      size: 8443
    - path: src/utils/logger.py
      hash: md5
      md5: 73106bb3de64f8ef8c097a990a6e2f49
      size: 2345
    - path: src/utils/mlflow_config.py
      hash: md5
      md5: 80c4e94241c5d684a2e28ce2456005eb
      size: 4882
    params:
      params.yaml:
        train.hyperparameter_tuning.lightgbm:
          n_trials: 30
    outs:
    - path: models/advanced/lightgbm_best_hyperparams.pkl
      hash: md5
      md5: e9595a6c186e2d9611b43a96462cfa1e
      size: 152
    - path: models/advanced/lightgbm_metrics.json
      hash: md5
      md5: e3cad23b04bfa935522f3f29681eb922
      size: 44
    - path: models/advanced/lightgbm_model.pkl
      hash: md5
      md5: a0a6c40522e704e547638d6421c12f3f
      size: 1114687
  hyperparameter_tuning_xgboost:
    cmd: uv run python -m src.models.hyperparameter_tuning --model xgboost
    deps:
    - path: models/features/X_train.npz
      hash: md5
      md5: 0da3db618a4facc78e97d864e1962590
      size: 1911617
    - path: models/features/X_val.npz
      hash: md5
      md5: 262666f9552c8532a609e22fbaae5631
      size: 398166
    - path: models/features/y_train.npy
      hash: md5
      md5: ff2992f566f145e0dabff508b76fd5de
      size: 206344
    - path: models/features/y_val.npy
      hash: md5
      md5: 6170668e1d3ef3e4b157d5a76a85299e
      size: 44320
    - path: src/models/helpers/data_loader.py
      hash: md5
      md5: 7a89b90d5c30a18dd6288af65d98984e
      size: 4150
    - path: src/models/helpers/train_utils.py
      hash: md5
      md5: 4faff6a55ee646192baff189b1fb276d
      size: 4913
    - path: src/models/hyperparameter_tuning.py
      hash: md5
      md5: 3499988e16c5a46abe79a2df195d27aa
      size: 8443
    - path: src/utils/logger.py
      hash: md5
      md5: 73106bb3de64f8ef8c097a990a6e2f49
      size: 2345
    - path: src/utils/mlflow_config.py
      hash: md5
      md5: 80c4e94241c5d684a2e28ce2456005eb
      size: 4882
    params:
      params.yaml:
        train.hyperparameter_tuning.xgboost:
          n_trials: 30
    outs:
    - path: models/advanced/xgboost_best_hyperparams.pkl
      hash: md5
      md5: 79421b7d880f9c9de030316c3ebbc259
      size: 152
    - path: models/advanced/xgboost_metrics.json
      hash: md5
      md5: 3050dc5ca0bdb28018bd26ee95bd4f83
      size: 44
    - path: models/advanced/xgboost_model.pkl
      hash: md5
      md5: 3dfbfedf24c96faf7d8b17a301facb39
      size: 3660037
  register_model:
    cmd: uv run python -m src.models.register_model
    deps:
    - path: models/advanced/evaluation/best_model_run_info.json
      hash: md5
      md5: 6c44cbdf65008bf229e2f92ab6d27794
      size: 185
    - path: models/advanced/evaluation/lightgbm_test_metrics.json
      hash: md5
      md5: f1a214fce4bad1dcde25d8c25f4c1dc2
      size: 90
    - path: models/advanced/evaluation/logistic_baseline_test_metrics.json
      hash: md5
      md5: b0c33891d9caa2f3090f174311713d5c
      size: 90
    - path: models/advanced/evaluation/xgboost_test_metrics.json
      hash: md5
      md5: a27f6dfaaad5e419a6342a3291f61144
      size: 89
    - path: src/models/register_model.py
      hash: md5
      md5: 25fa99abd6e0c3b22d75554e101ebebe
      size: 7670
    - path: src/utils/logger.py
      hash: md5
      md5: 73106bb3de64f8ef8c097a990a6e2f49
      size: 2345
    - path: src/utils/mlflow_config.py
      hash: md5
      md5: 80c4e94241c5d684a2e28ce2456005eb
      size: 4882
    - path: src/utils/paths.py
      hash: md5
      md5: 7b2d73cb9e053c99e1e0296ee965bdff
      size: 2156
    params:
      params.yaml:
        register.f1_threshold: 0.75
  train_distilbert:
    cmd: uv run python -m src.models.distilbert_training
    deps:
    - path: data/processed/train.parquet
      hash: md5
      md5: ef9df44b106362663b835efdefe950c3
      size: 2394224
    - path: data/processed/val.parquet
      hash: md5
      md5: c55232be629f4fba0cdc3cce4329c594
      size: 499418
    - path: src/models/distilbert_training.py
      hash: md5
      md5: cc0c6537e6747bd2cb76295f684288d0
      size: 11568
    - path: src/models/helpers/data_loader.py
      hash: md5
      md5: 7a89b90d5c30a18dd6288af65d98984e
      size: 4150
    - path: src/models/helpers/train_utils.py
      hash: md5
      md5: 4faff6a55ee646192baff189b1fb276d
      size: 4913
    - path: src/utils/logger.py
      hash: md5
      md5: 73106bb3de64f8ef8c097a990a6e2f49
      size: 2345
    - path: src/utils/mlflow_config.py
      hash: md5
      md5: 80c4e94241c5d684a2e28ce2456005eb
      size: 4882
    - path: src/utils/paths.py
      hash: md5
      md5: 7b2d73cb9e053c99e1e0296ee965bdff
      size: 2156
    params:
      params.yaml:
        train.distilbert.batch_size:
        - 8
        - 16
        - 32
        train.distilbert.lr:
        - 1e-05
        - 5e-05
        train.distilbert.n_trials: 20
        train.distilbert.weight_decay:
        - 0.001
        - 0.1
    outs:
    - path: models/advanced/distilbert_metrics.json
      hash: md5
      md5: dc0d9ce7dab44784d6f81ab8636b646e
      size: 22
    - path: models/advanced/distilbert_model.pkl
      hash: md5
      md5: d41d8cd98f00b204e9800998ecf8427e
      size: 0
    - path: models/advanced/distilbert_results
      hash: md5
      md5: d751713988987e9331980363e24189ce.dir
      size: 0
      nfiles: 0
